Microsoft Visual Studio Solution File, Format Version 12.00
# Visual Studio Version 17
VisualStudioVersion = 17.0.31903.59
MinimumVisualStudioVersion = 10.0.40219.1
Project("{FAE04EC0-301F-11D3-BF4B-00C04F79EFBC}") = "opendork-abstractions", "opendork-abstractions\opendork-abstractions.csproj", "{1A3B8E21-9D23-4F2C-9A67-C2F6C5A3D101}"
EndProject
Project("{FAE04EC0-301F-11D3-BF4B-00C04F79EFBC}") = "opendork-core", "opendork-core\opendork-core.csproj", "{AA8F00F0-C031-4105-8E42-E4B703E1FCDA}"
EndProject
Project("{FAE04EC0-301F-11D3-BF4B-00C04F79EFBC}") = "opendork-providers", "opendork-providers\opendork-providers.csproj", "{6C6A45D4-A70D-4F6E-8B6D-AC485A668611}"
EndProject
Project("{FAE04EC0-301F-11D3-BF4B-00C04F79EFBC}") = "opendork-validation", "opendork-validation\opendork-validation.csproj", "{C9CE8827-D281-4EA4-B1CF-2D599D328A1A}"
EndProject
Project("{FAE04EC0-301F-11D3-BF4B-00C04F79EFBC}") = "opendork-state", "opendork-state\opendork-state.csproj", "{86ED8536-EA8A-44D5-A4BA-CA065214A405}"
EndProject
Project("{FAE04EC0-301F-11D3-BF4B-00C04F79EFBC}") = "opendork-artifacts", "opendork-artifacts\opendork-artifacts.csproj", "{31D378E4-BEF3-4F5F-8E35-BE6C98563898}"
EndProject
Project("{FAE04EC0-301F-11D3-BF4B-00C04F79EFBC}") = "opendork-cli", "opendork-cli\opendork-cli.csproj", "{70D8E67F-CC53-4ECA-A792-79F045577A55}"
EndProject
Project("{FAE04EC0-301F-11D3-BF4B-00C04F79EFBC}") = "opendork-rules", "opendork-rules\opendork-rules.csproj", "{C716E574-C4F8-4F7C-BE77-ED95B1C86EFB}"
EndProject
Project("{FAE04EC0-301F-11D3-BF4B-00C04F79EFBC}") = "opendork-browser-playwright", "opendork-browser-playwright\opendork-browser-playwright.csproj", "{D8F95491-474E-4233-8E95-6726D6EE7D44}"
EndProject
Project("{FAE04EC0-301F-11D3-BF4B-00C04F79EFBC}") = "opendork-wrapper-bridge", "opendork-wrapper-bridge\opendork-wrapper-bridge.csproj", "{4800EA01-C8A7-4914-8F6E-BE1CD8D8D12C}"
EndProject
Project("{FAE04EC0-301F-11D3-BF4B-00C04F79EFBC}") = "opendork-tests", "opendork-tests\opendork-tests.csproj", "{38F74E11-5C9F-4B8D-B6AB-F31F37AA4C27}"
EndProject
Global
	GlobalSection(SolutionConfigurationPlatforms) = preSolution
		Debug|Any CPU = Debug|Any CPU
		Release|Any CPU = Release|Any CPU
	EndGlobalSection
	GlobalSection(ProjectConfigurationPlatforms) = postSolution
		{1A3B8E21-9D23-4F2C-9A67-C2F6C5A3D101}.Debug|Any CPU.ActiveCfg = Debug|Any CPU
		{1A3B8E21-9D23-4F2C-9A67-C2F6C5A3D101}.Debug|Any CPU.Build.0 = Debug|Any CPU
		{AA8F00F0-C031-4105-8E42-E4B703E1FCDA}.Debug|Any CPU.ActiveCfg = Debug|Any CPU
		{AA8F00F0-C031-4105-8E42-E4B703E1FCDA}.Debug|Any CPU.Build.0 = Debug|Any CPU
		{6C6A45D4-A70D-4F6E-8B6D-AC485A668611}.Debug|Any CPU.ActiveCfg = Debug|Any CPU
		{6C6A45D4-A70D-4F6E-8B6D-AC485A668611}.Debug|Any CPU.Build.0 = Debug|Any CPU
		{C9CE8827-D281-4EA4-B1CF-2D599D328A1A}.Debug|Any CPU.ActiveCfg = Debug|Any CPU
		{C9CE8827-D281-4EA4-B1CF-2D599D328A1A}.Debug|Any CPU.Build.0 = Debug|Any CPU
		{86ED8536-EA8A-44D5-A4BA-CA065214A405}.Debug|Any CPU.ActiveCfg = Debug|Any CPU
		{86ED8536-EA8A-44D5-A4BA-CA065214A405}.Debug|Any CPU.Build.0 = Debug|Any CPU
		{31D378E4-BEF3-4F5F-8E35-BE6C98563898}.Debug|Any CPU.ActiveCfg = Debug|Any CPU
		{31D378E4-BEF3-4F5F-8E35-BE6C98563898}.Debug|Any CPU.Build.0 = Debug|Any CPU
		{70D8E67F-CC53-4ECA-A792-79F045577A55}.Debug|Any CPU.ActiveCfg = Debug|Any CPU
		{70D8E67F-CC53-4ECA-A792-79F045577A55}.Debug|Any CPU.Build.0 = Debug|Any CPU
		{C716E574-C4F8-4F7C-BE77-ED95B1C86EFB}.Debug|Any CPU.ActiveCfg = Debug|Any CPU
		{C716E574-C4F8-4F7C-BE77-ED95B1C86EFB}.Debug|Any CPU.Build.0 = Debug|Any CPU
		{D8F95491-474E-4233-8E95-6726D6EE7D44}.Debug|Any CPU.ActiveCfg = Debug|Any CPU
		{D8F95491-474E-4233-8E95-6726D6EE7D44}.Debug|Any CPU.Build.0 = Debug|Any CPU
		{4800EA01-C8A7-4914-8F6E-BE1CD8D8D12C}.Debug|Any CPU.ActiveCfg = Debug|Any CPU
		{4800EA01-C8A7-4914-8F6E-BE1CD8D8D12C}.Debug|Any CPU.Build.0 = Debug|Any CPU
		{38F74E11-5C9F-4B8D-B6AB-F31F37AA4C27}.Debug|Any CPU.ActiveCfg = Debug|Any CPU
		{38F74E11-5C9F-4B8D-B6AB-F31F37AA4C27}.Debug|Any CPU.Build.0 = Debug|Any CPU
	EndGlobalSection
EndGlobal
